
Microsoft Visual Studio Solution File, Format Version 12.00
# Visual Studio Version 17
VisualStudioVersion = 17.0.32014.148
MinimumVisualStudioVersion = 10.0.40219.1
Project("{FAE04EC0-301F-11D3-BF4B-00C04F79EFBC}") = "ClassLibrary1", "ClassLibrary1\ClassLibrary1.csproj", "{BCDB1717-240E-411E-A708-2571979885C3}"
EndProject
Project("{FAE04EC0-301F-11D3-BF4B-00C04F79EFBC}") = "TestProject1", "TestProject1\TestProject1.csproj", "{B69C9B38-9C2B-48A2-B697-7ED4C6D65E76}"
EndProject
Global
	GlobalSection(SolutionConfigurationPlatforms) = preSolution
		Debug|Any CPU = Debug|Any CPU
		Release|Any CPU = Release|Any CPU
	EndGlobalSection
	GlobalSection(ProjectConfigurationPlatforms) = postSolution
		{BCDB1717-240E-411E-A708-2571979885C3}.Debug|Any CPU.ActiveCfg = Debug|Any CPU
		{BCDB1717-240E-411E-A708-2571979885C3}.Debug|Any CPU.Build.0 = Debug|Any CPU
		{BCDB1717-240E-411E-A708-2571979885C3}.Release|Any CPU.ActiveCfg = Release|Any CPU
		{BCDB1717-240E-411E-A708-2571979885C3}.Release|Any CPU.Build.0 = Release|Any CPU
		{B69C9B38-9C2B-48A2-B697-7ED4C6D65E76}.Debug|Any CPU.ActiveCfg = Debug|Any CPU
		{B69C9B38-9C2B-48A2-B697-7ED4C6D65E76}.Debug|Any CPU.Build.0 = Debug|Any CPU
		{B69C9B38-9C2B-48A2-B697-7ED4C6D65E76}.Release|Any CPU.ActiveCfg = Release|Any CPU
		{B69C9B38-9C2B-48A2-B697-7ED4C6D65E76}.Release|Any CPU.Build.0 = Release|Any CPU
	EndGlobalSection
	GlobalSection(SolutionProperties) = preSolution
		HideSolutionNode = FALSE
	EndGlobalSection
	GlobalSection(ExtensibilityGlobals) = postSolution
		SolutionGuid = {CBE64A67-DAB5-4CA5-AB2C-4CDD6E13C03A}
	EndGlobalSection
EndGlobal
